# This file was autogenerated by Stack.
# You should not edit this file by hand.
# For more information, please see the documentation at:
#   https://docs.haskellstack.org/en/stable/lock_files

packages:
- completed:
    hackage: base-noprelude-4.13.0.0@sha256:3cccbfda38e1422ca5cc436d58858ba51ff9114d2ed87915a6569be11e4e5a90,6842
    pantry-tree:
      size: 112
      sha256: 90db92c8401880187ce642c5345407bcbd9546ea235524dd445cab2566ee3db1
  original:
    hackage: base-noprelude-4.13.0.0
- completed:
    size: 49080
    url: https://github.com/tkadur/language-sml/archive/51320fca82b7328198d2dac87c3ebc3d39b71536.tar.gz
    cabal-file:
      size: 4686
      sha256: 38b1ad6325808886f01df2d79d5f7d3aa15f9e660112d4e8cc03b2a74b8f2ea4
    name: language-sml
    version: 0.1.0.0
    sha256: 982aa9e542bf165d8b72da90fd1eb123e749b6846cfdfc35cbd86f4c72b0d0b2
    pantry-tree:
      size: 4750
      sha256: 237f6cac6b3b41541aa0fd733c5796d2e4ce8adf6e5a6855a0a785f9972954ee
  original:
    url: https://github.com/tkadur/language-sml/archive/51320fca82b7328198d2dac87c3ebc3d39b71536.tar.gz
snapshots:
- completed:
    size: 488576
    url: https://raw.githubusercontent.com/commercialhaskell/stackage-snapshots/master/lts/15/0.yaml
    sha256: e4b6a87b47ec1cf63a7f1a0884a3b276fce2b0d174a10e8753c4f618e7983568
  original: lts-15.0
